// !$*UTF8*$!
{
	archiveVersion = 1;
	classes = {
	};
	objectVersion = 46;
	objects = {

/* Begin PBXBuildFile section */
		1017CE7F2069758C009EA297 /* PopUpContratarViewController.swift in Sources */ = {isa = PBXBuildFile; fileRef = 1017CE7E2069758C009EA297 /* PopUpContratarViewController.swift */; };
		102CC40F2057FDD8001DB1FB /* ADVDespesasClassificadasTableViewCell.swift in Sources */ = {isa = PBXBuildFile; fileRef = 102CC40D2057FDD8001DB1FB /* ADVDespesasClassificadasTableViewCell.swift */; };
		102CC4102057FDD8001DB1FB /* ADVDespesasClassificadasTableViewCell.xib in Resources */ = {isa = PBXBuildFile; fileRef = 102CC40E2057FDD8001DB1FB /* ADVDespesasClassificadasTableViewCell.xib */; };
		102CC41420580781001DB1FB /* ADVDespesasViewController.swift in Sources */ = {isa = PBXBuildFile; fileRef = 102CC41320580781001DB1FB /* ADVDespesasViewController.swift */; };
		1054E11120581A0400A1BDAC /* ADVOverviewReportViewController.swift in Sources */ = {isa = PBXBuildFile; fileRef = 1054E11020581A0400A1BDAC /* ADVOverviewReportViewController.swift */; };
		1054E11A20583DA000A1BDAC /* ADVGraficoPieableViewCell.swift in Sources */ = {isa = PBXBuildFile; fileRef = 1054E11820583DA000A1BDAC /* ADVGraficoPieableViewCell.swift */; };
		1054E11B20583DA000A1BDAC /* ADVGraficoPieableViewCell.xib in Resources */ = {isa = PBXBuildFile; fileRef = 1054E11920583DA000A1BDAC /* ADVGraficoPieableViewCell.xib */; };
		1054E11D20586C6800A1BDAC /* ADVDespesasTransacoesViewController.swift in Sources */ = {isa = PBXBuildFile; fileRef = 1054E11C20586C6800A1BDAC /* ADVDespesasTransacoesViewController.swift */; };
		1054E12020586D1600A1BDAC /* ADVDespesas.swift in Sources */ = {isa = PBXBuildFile; fileRef = 1054E11F20586D1600A1BDAC /* ADVDespesas.swift */; };
		1054E1262059576D00A1BDAC /* ADVContaCorrenteTableViewCell.swift in Sources */ = {isa = PBXBuildFile; fileRef = 1054E1242059576D00A1BDAC /* ADVContaCorrenteTableViewCell.swift */; };
		1054E1272059576D00A1BDAC /* ADVContaCorrenteTableViewCell.xib in Resources */ = {isa = PBXBuildFile; fileRef = 1054E1252059576D00A1BDAC /* ADVContaCorrenteTableViewCell.xib */; };
		1054E12E205957E500A1BDAC /* ADVCartaoTableViewCell.swift in Sources */ = {isa = PBXBuildFile; fileRef = 1054E12C205957E500A1BDAC /* ADVCartaoTableViewCell.swift */; };
		1054E12F205957E500A1BDAC /* ADVCartaoTableViewCell.xib in Resources */ = {isa = PBXBuildFile; fileRef = 1054E12D205957E500A1BDAC /* ADVCartaoTableViewCell.xib */; };
		1054E132205957F300A1BDAC /* ADVEmprestCell.swift in Sources */ = {isa = PBXBuildFile; fileRef = 1054E130205957F300A1BDAC /* ADVEmprestCell.swift */; };
		1054E133205957F300A1BDAC /* ADVEmprestimoTableViewCell.xib in Resources */ = {isa = PBXBuildFile; fileRef = 1054E131205957F300A1BDAC /* ADVEmprestimoTableViewCell.xib */; };
		1054E1382059582200A1BDAC /* ADVInvestimentoTableViewCell.swift in Sources */ = {isa = PBXBuildFile; fileRef = 1054E1362059582200A1BDAC /* ADVInvestimentoTableViewCell.swift */; };
		1054E1392059582200A1BDAC /* ADVInvestimentoTableViewCell.xib in Resources */ = {isa = PBXBuildFile; fileRef = 1054E1372059582200A1BDAC /* ADVInvestimentoTableViewCell.xib */; };
		1054E1412059611E00A1BDAC /* ADVTitleExpandableTableViewCell.swift in Sources */ = {isa = PBXBuildFile; fileRef = 1054E13F2059611E00A1BDAC /* ADVTitleExpandableTableViewCell.swift */; };
		1054E1422059611E00A1BDAC /* ADVTitleExpandableTableViewCell.xib in Resources */ = {isa = PBXBuildFile; fileRef = 1054E1402059611E00A1BDAC /* ADVTitleExpandableTableViewCell.xib */; };
		1054E1442059701200A1BDAC /* ADVHomeViewController.swift in Sources */ = {isa = PBXBuildFile; fileRef = 1054E1432059701200A1BDAC /* ADVHomeViewController.swift */; };
		1054E146205974B300A1BDAC /* ADVHomeCell.swift in Sources */ = {isa = PBXBuildFile; fileRef = 1054E145205974B300A1BDAC /* ADVHomeCell.swift */; };
		1054E14920599EBF00A1BDAC /* FooterTableViewCell.swift in Sources */ = {isa = PBXBuildFile; fileRef = 1054E14720599EBF00A1BDAC /* FooterTableViewCell.swift */; };
		1054E14A20599EBF00A1BDAC /* FooterTableViewCell.xib in Resources */ = {isa = PBXBuildFile; fileRef = 1054E14820599EBF00A1BDAC /* FooterTableViewCell.xib */; };
		1054E1502059BA1400A1BDAC /* ADVHomeccTableViewCell.swift in Sources */ = {isa = PBXBuildFile; fileRef = 1054E14E2059BA1400A1BDAC /* ADVHomeccTableViewCell.swift */; };
		1054E1512059BA1400A1BDAC /* ADVHomeccTableViewCell.xib in Resources */ = {isa = PBXBuildFile; fileRef = 1054E14F2059BA1400A1BDAC /* ADVHomeccTableViewCell.xib */; };
		1054E1542059BC3D00A1BDAC /* ADVCreditCardTableViewCell.swift in Sources */ = {isa = PBXBuildFile; fileRef = 1054E1522059BC3D00A1BDAC /* ADVCreditCardTableViewCell.swift */; };
		1054E1552059BC3D00A1BDAC /* ADVCreditCardTableViewCell.xib in Resources */ = {isa = PBXBuildFile; fileRef = 1054E1532059BC3D00A1BDAC /* ADVCreditCardTableViewCell.xib */; };
		1054E1592059BEEB00A1BDAC /* ADVInvertimentsHomeTableViewCell.swift in Sources */ = {isa = PBXBuildFile; fileRef = 1054E1572059BEEB00A1BDAC /* ADVInvertimentsHomeTableViewCell.swift */; };
		1054E15A2059BEEB00A1BDAC /* ADVInvertimentsHomeTableViewCell.xib in Resources */ = {isa = PBXBuildFile; fileRef = 1054E1582059BEEB00A1BDAC /* ADVInvertimentsHomeTableViewCell.xib */; };
		1054E1642059C2CA00A1BDAC /* ADVMinhaContaViewController.swift in Sources */ = {isa = PBXBuildFile; fileRef = 1054E1632059C2CA00A1BDAC /* ADVMinhaContaViewController.swift */; };
		1054E16B205AA70F00A1BDAC /* ADVHomeEmprestimTableViewCell.swift in Sources */ = {isa = PBXBuildFile; fileRef = 1054E169205AA70F00A1BDAC /* ADVHomeEmprestimTableViewCell.swift */; };
		1054E16C205AA70F00A1BDAC /* ADVHomeEmprestimTableViewCell.xib in Resources */ = {isa = PBXBuildFile; fileRef = 1054E16A205AA70F00A1BDAC /* ADVHomeEmprestimTableViewCell.xib */; };
		1054E16E205AC35C00A1BDAC /* Main.storyboard in Resources */ = {isa = PBXBuildFile; fileRef = 1054E16D205AC35C00A1BDAC /* Main.storyboard */; };
		105A3A092045DA4700899C0A /* AppDelegate.swift in Sources */ = {isa = PBXBuildFile; fileRef = 105A3A082045DA4700899C0A /* AppDelegate.swift */; };
		105A3A0B2045DA4700899C0A /* ViewController.swift in Sources */ = {isa = PBXBuildFile; fileRef = 105A3A0A2045DA4700899C0A /* ViewController.swift */; };
		105A3A102045DA4800899C0A /* Assets.xcassets in Resources */ = {isa = PBXBuildFile; fileRef = 105A3A0F2045DA4800899C0A /* Assets.xcassets */; };
		105A3A132045DA4800899C0A /* LaunchScreen.storyboard in Resources */ = {isa = PBXBuildFile; fileRef = 105A3A112045DA4800899C0A /* LaunchScreen.storyboard */; };
		105A3A1E2045DA4800899C0A /* FinantialAdivisorCortanaTests.swift in Sources */ = {isa = PBXBuildFile; fileRef = 105A3A1D2045DA4800899C0A /* FinantialAdivisorCortanaTests.swift */; };
		105A3A292045DA4800899C0A /* FinantialAdivisorCortanaUITests.swift in Sources */ = {isa = PBXBuildFile; fileRef = 105A3A282045DA4800899C0A /* FinantialAdivisorCortanaUITests.swift */; };
		1062293B20570135007C109C /* ADVBalancoTableViewCell.swift in Sources */ = {isa = PBXBuildFile; fileRef = 1062293920570135007C109C /* ADVBalancoTableViewCell.swift */; };
		1062293C20570135007C109C /* ADVBalancoTableViewCell.xib in Resources */ = {isa = PBXBuildFile; fileRef = 1062293A20570135007C109C /* ADVBalancoTableViewCell.xib */; };
		10622942205701A8007C109C /* ADVDespesasTableViewCell.swift in Sources */ = {isa = PBXBuildFile; fileRef = 10622940205701A8007C109C /* ADVDespesasTableViewCell.swift */; };
		10622943205701A8007C109C /* ADVDespesasTableViewCell.xib in Resources */ = {isa = PBXBuildFile; fileRef = 10622941205701A8007C109C /* ADVDespesasTableViewCell.xib */; };
		1062294920570345007C109C /* ADVGastosCollectionViewCell.swift in Sources */ = {isa = PBXBuildFile; fileRef = 1062294720570345007C109C /* ADVGastosCollectionViewCell.swift */; };
		1062294A20570345007C109C /* ADVGastosCollectionViewCell.xib in Resources */ = {isa = PBXBuildFile; fileRef = 1062294820570345007C109C /* ADVGastosCollectionViewCell.xib */; };
		1062295420570E4B007C109C /* ADVDespesasCell2TableViewCell.swift in Sources */ = {isa = PBXBuildFile; fileRef = 1062295220570E4B007C109C /* ADVDespesasCell2TableViewCell.swift */; };
		1062295520570E4B007C109C /* ADVDespesasCell2TableViewCell.xib in Resources */ = {isa = PBXBuildFile; fileRef = 1062295320570E4B007C109C /* ADVDespesasCell2TableViewCell.xib */; };
		10C092D7205FF99D00D9C4A6 /* ADVHeaderMetaTableViewCell.swift in Sources */ = {isa = PBXBuildFile; fileRef = 10C092D5205FF99D00D9C4A6 /* ADVHeaderMetaTableViewCell.swift */; };
		10C092D8205FF99D00D9C4A6 /* ADVHeaderMetaTableViewCell.xib in Resources */ = {isa = PBXBuildFile; fileRef = 10C092D6205FF99D00D9C4A6 /* ADVHeaderMetaTableViewCell.xib */; };
		10C092DB205FFB5500D9C4A6 /* ADVGraficoMetaTableViewCell.swift in Sources */ = {isa = PBXBuildFile; fileRef = 10C092D9205FFB5500D9C4A6 /* ADVGraficoMetaTableViewCell.swift */; };
		10C092DC205FFB5500D9C4A6 /* ADVGraficoMetaTableViewCell.xib in Resources */ = {isa = PBXBuildFile; fileRef = 10C092DA205FFB5500D9C4A6 /* ADVGraficoMetaTableViewCell.xib */; };
		10C092DF205FFC5700D9C4A6 /* ADVSavingTableViewCell.swift in Sources */ = {isa = PBXBuildFile; fileRef = 10C092DD205FFC5700D9C4A6 /* ADVSavingTableViewCell.swift */; };
		10C092E0205FFC5700D9C4A6 /* ADVSavingTableViewCell.xib in Resources */ = {isa = PBXBuildFile; fileRef = 10C092DE205FFC5700D9C4A6 /* ADVSavingTableViewCell.xib */; };
		10C092E32060030900D9C4A6 /* ADVMesesTableViewCell.swift in Sources */ = {isa = PBXBuildFile; fileRef = 10C092E12060030900D9C4A6 /* ADVMesesTableViewCell.swift */; };
		10C092E42060030900D9C4A6 /* ADVMesesTableViewCell.xib in Resources */ = {isa = PBXBuildFile; fileRef = 10C092E22060030900D9C4A6 /* ADVMesesTableViewCell.xib */; };
		10C092E72060081500D9C4A6 /* ADVFooterMetaTableViewCell.swift in Sources */ = {isa = PBXBuildFile; fileRef = 10C092E52060081500D9C4A6 /* ADVFooterMetaTableViewCell.swift */; };
		10C092E82060081500D9C4A6 /* ADVFooterMetaTableViewCell.xib in Resources */ = {isa = PBXBuildFile; fileRef = 10C092E62060081500D9C4A6 /* ADVFooterMetaTableViewCell.xib */; };
		10C092EB206014A400D9C4A6 /* ADVMetasViewController.swift in Sources */ = {isa = PBXBuildFile; fileRef = 10C092EA206014A400D9C4A6 /* ADVMetasViewController.swift */; };
		10C092F420604CED00D9C4A6 /* ADVFooterClassTableViewCell.swift in Sources */ = {isa = PBXBuildFile; fileRef = 10C092F220604CED00D9C4A6 /* ADVFooterClassTableViewCell.swift */; };
		10C092F520604CED00D9C4A6 /* ADVFooterClassTableViewCell.xib in Resources */ = {isa = PBXBuildFile; fileRef = 10C092F320604CED00D9C4A6 /* ADVFooterClassTableViewCell.xib */; };
		10C092F820604E6000D9C4A6 /* ADVGraficoTableViewCell.swift in Sources */ = {isa = PBXBuildFile; fileRef = 10C092F620604E6000D9C4A6 /* ADVGraficoTableViewCell.swift */; };
		10C092F920604E6000D9C4A6 /* ADVGraficoTableViewCell.xib in Resources */ = {isa = PBXBuildFile; fileRef = 10C092F720604E6000D9C4A6 /* ADVGraficoTableViewCell.xib */; };
		10C09300206056F800D9C4A6 /* ADVValorClassTableViewCell.swift in Sources */ = {isa = PBXBuildFile; fileRef = 10C092FE206056F800D9C4A6 /* ADVValorClassTableViewCell.swift */; };
		10C09301206056F800D9C4A6 /* ADVValorClassTableViewCell.xib in Resources */ = {isa = PBXBuildFile; fileRef = 10C092FF206056F800D9C4A6 /* ADVValorClassTableViewCell.xib */; };
		10C093032061397E00D9C4A6 /* ADVMetaClassViewController.swift in Sources */ = {isa = PBXBuildFile; fileRef = 10C093022061397E00D9C4A6 /* ADVMetaClassViewController.swift */; };
		10C09308206145C300D9C4A6 /* ADVGatosEDatasTableViewCell.swift in Sources */ = {isa = PBXBuildFile; fileRef = 10C09306206145C300D9C4A6 /* ADVGatosEDatasTableViewCell.swift */; };
		10C09309206145C300D9C4A6 /* ADVGatosEDatasTableViewCell.xib in Resources */ = {isa = PBXBuildFile; fileRef = 10C09307206145C300D9C4A6 /* ADVGatosEDatasTableViewCell.xib */; };
		5B4EBDA4188EF0142A9A8A3B /* Pods_FinantialAdivisorCortana.framework in Frameworks */ = {isa = PBXBuildFile; fileRef = 9E35CE2D08BB4BB73D8150EA /* Pods_FinantialAdivisorCortana.framework */; };
/* End PBXBuildFile section */

/* Begin PBXContainerItemProxy section */
		105A3A1A2045DA4800899C0A /* PBXContainerItemProxy */ = {
			isa = PBXContainerItemProxy;
			containerPortal = 105A39FD2045DA4700899C0A /* Project object */;
			proxyType = 1;
			remoteGlobalIDString = 105A3A042045DA4700899C0A;
			remoteInfo = FinantialAdivisorCortana;
		};
		105A3A252045DA4800899C0A /* PBXContainerItemProxy */ = {
			isa = PBXContainerItemProxy;
			containerPortal = 105A39FD2045DA4700899C0A /* Project object */;
			proxyType = 1;
			remoteGlobalIDString = 105A3A042045DA4700899C0A;
			remoteInfo = FinantialAdivisorCortana;
		};
/* End PBXContainerItemProxy section */

/* Begin PBXFileReference section */
		1017CE7E2069758C009EA297 /* PopUpContratarViewController.swift */ = {isa = PBXFileReference; lastKnownFileType = sourcecode.swift; path = PopUpContratarViewController.swift; sourceTree = "<group>"; };
		102CC40D2057FDD8001DB1FB /* ADVDespesasClassificadasTableViewCell.swift */ = {isa = PBXFileReference; lastKnownFileType = sourcecode.swift; path = ADVDespesasClassificadasTableViewCell.swift; sourceTree = "<group>"; };
		102CC40E2057FDD8001DB1FB /* ADVDespesasClassificadasTableViewCell.xib */ = {isa = PBXFileReference; lastKnownFileType = file.xib; path = ADVDespesasClassificadasTableViewCell.xib; sourceTree = "<group>"; };
		102CC41320580781001DB1FB /* ADVDespesasViewController.swift */ = {isa = PBXFileReference; lastKnownFileType = sourcecode.swift; path = ADVDespesasViewController.swift; sourceTree = "<group>"; };
		1054E11020581A0400A1BDAC /* ADVOverviewReportViewController.swift */ = {isa = PBXFileReference; lastKnownFileType = sourcecode.swift; path = ADVOverviewReportViewController.swift; sourceTree = "<group>"; };
		1054E11820583DA000A1BDAC /* ADVGraficoPieableViewCell.swift */ = {isa = PBXFileReference; lastKnownFileType = sourcecode.swift; path = ADVGraficoPieableViewCell.swift; sourceTree = "<group>"; };
		1054E11920583DA000A1BDAC /* ADVGraficoPieableViewCell.xib */ = {isa = PBXFileReference; lastKnownFileType = file.xib; path = ADVGraficoPieableViewCell.xib; sourceTree = "<group>"; };
		1054E11C20586C6800A1BDAC /* ADVDespesasTransacoesViewController.swift */ = {isa = PBXFileReference; lastKnownFileType = sourcecode.swift; path = ADVDespesasTransacoesViewController.swift; sourceTree = "<group>"; };
		1054E11F20586D1600A1BDAC /* ADVDespesas.swift */ = {isa = PBXFileReference; lastKnownFileType = sourcecode.swift; path = ADVDespesas.swift; sourceTree = "<group>"; };
		1054E1242059576D00A1BDAC /* ADVContaCorrenteTableViewCell.swift */ = {isa = PBXFileReference; lastKnownFileType = sourcecode.swift; path = ADVContaCorrenteTableViewCell.swift; sourceTree = "<group>"; };
		1054E1252059576D00A1BDAC /* ADVContaCorrenteTableViewCell.xib */ = {isa = PBXFileReference; lastKnownFileType = file.xib; path = ADVContaCorrenteTableViewCell.xib; sourceTree = "<group>"; };
		1054E12C205957E500A1BDAC /* ADVCartaoTableViewCell.swift */ = {isa = PBXFileReference; lastKnownFileType = sourcecode.swift; path = ADVCartaoTableViewCell.swift; sourceTree = "<group>"; };
		1054E12D205957E500A1BDAC /* ADVCartaoTableViewCell.xib */ = {isa = PBXFileReference; lastKnownFileType = file.xib; path = ADVCartaoTableViewCell.xib; sourceTree = "<group>"; };
		1054E130205957F300A1BDAC /* ADVEmprestCell.swift */ = {isa = PBXFileReference; lastKnownFileType = sourcecode.swift; path = ADVEmprestCell.swift; sourceTree = "<group>"; };
		1054E131205957F300A1BDAC /* ADVEmprestimoTableViewCell.xib */ = {isa = PBXFileReference; lastKnownFileType = file.xib; path = ADVEmprestimoTableViewCell.xib; sourceTree = "<group>"; };
		1054E1362059582200A1BDAC /* ADVInvestimentoTableViewCell.swift */ = {isa = PBXFileReference; lastKnownFileType = sourcecode.swift; path = ADVInvestimentoTableViewCell.swift; sourceTree = "<group>"; };
		1054E1372059582200A1BDAC /* ADVInvestimentoTableViewCell.xib */ = {isa = PBXFileReference; lastKnownFileType = file.xib; path = ADVInvestimentoTableViewCell.xib; sourceTree = "<group>"; };
		1054E13F2059611E00A1BDAC /* ADVTitleExpandableTableViewCell.swift */ = {isa = PBXFileReference; lastKnownFileType = sourcecode.swift; path = ADVTitleExpandableTableViewCell.swift; sourceTree = "<group>"; };
		1054E1402059611E00A1BDAC /* ADVTitleExpandableTableViewCell.xib */ = {isa = PBXFileReference; lastKnownFileType = file.xib; path = ADVTitleExpandableTableViewCell.xib; sourceTree = "<group>"; };
		1054E1432059701200A1BDAC /* ADVHomeViewController.swift */ = {isa = PBXFileReference; lastKnownFileType = sourcecode.swift; path = ADVHomeViewController.swift; sourceTree = "<group>"; };
		1054E145205974B300A1BDAC /* ADVHomeCell.swift */ = {isa = PBXFileReference; lastKnownFileType = sourcecode.swift; path = ADVHomeCell.swift; sourceTree = "<group>"; };
		1054E14720599EBF00A1BDAC /* FooterTableViewCell.swift */ = {isa = PBXFileReference; lastKnownFileType = sourcecode.swift; path = FooterTableViewCell.swift; sourceTree = "<group>"; };
		1054E14820599EBF00A1BDAC /* FooterTableViewCell.xib */ = {isa = PBXFileReference; lastKnownFileType = file.xib; path = FooterTableViewCell.xib; sourceTree = "<group>"; };
		1054E14E2059BA1400A1BDAC /* ADVHomeccTableViewCell.swift */ = {isa = PBXFileReference; lastKnownFileType = sourcecode.swift; path = ADVHomeccTableViewCell.swift; sourceTree = "<group>"; };
		1054E14F2059BA1400A1BDAC /* ADVHomeccTableViewCell.xib */ = {isa = PBXFileReference; lastKnownFileType = file.xib; path = ADVHomeccTableViewCell.xib; sourceTree = "<group>"; };
		1054E1522059BC3D00A1BDAC /* ADVCreditCardTableViewCell.swift */ = {isa = PBXFileReference; lastKnownFileType = sourcecode.swift; path = ADVCreditCardTableViewCell.swift; sourceTree = "<group>"; };
		1054E1532059BC3D00A1BDAC /* ADVCreditCardTableViewCell.xib */ = {isa = PBXFileReference; lastKnownFileType = file.xib; path = ADVCreditCardTableViewCell.xib; sourceTree = "<group>"; };
		1054E1572059BEEB00A1BDAC /* ADVInvertimentsHomeTableViewCell.swift */ = {isa = PBXFileReference; lastKnownFileType = sourcecode.swift; path = ADVInvertimentsHomeTableViewCell.swift; sourceTree = "<group>"; };
		1054E1582059BEEB00A1BDAC /* ADVInvertimentsHomeTableViewCell.xib */ = {isa = PBXFileReference; lastKnownFileType = file.xib; path = ADVInvertimentsHomeTableViewCell.xib; sourceTree = "<group>"; };
		1054E1632059C2CA00A1BDAC /* ADVMinhaContaViewController.swift */ = {isa = PBXFileReference; lastKnownFileType = sourcecode.swift; path = ADVMinhaContaViewController.swift; sourceTree = "<group>"; };
		1054E169205AA70F00A1BDAC /* ADVHomeEmprestimTableViewCell.swift */ = {isa = PBXFileReference; lastKnownFileType = sourcecode.swift; path = ADVHomeEmprestimTableViewCell.swift; sourceTree = "<group>"; };
		1054E16A205AA70F00A1BDAC /* ADVHomeEmprestimTableViewCell.xib */ = {isa = PBXFileReference; lastKnownFileType = file.xib; path = ADVHomeEmprestimTableViewCell.xib; sourceTree = "<group>"; };
		1054E16D205AC35C00A1BDAC /* Main.storyboard */ = {isa = PBXFileReference; fileEncoding = 4; lastKnownFileType = file.storyboard; name = Main.storyboard; path = ../../../.Trash/Main.storyboard; sourceTree = "<group>"; };
		105A3A052045DA4700899C0A /* FinantialAdivisorCortana.app */ = {isa = PBXFileReference; explicitFileType = wrapper.application; includeInIndex = 0; path = FinantialAdivisorCortana.app; sourceTree = BUILT_PRODUCTS_DIR; };
		105A3A082045DA4700899C0A /* AppDelegate.swift */ = {isa = PBXFileReference; lastKnownFileType = sourcecode.swift; path = AppDelegate.swift; sourceTree = "<group>"; };
		105A3A0A2045DA4700899C0A /* ViewController.swift */ = {isa = PBXFileReference; lastKnownFileType = sourcecode.swift; path = ViewController.swift; sourceTree = "<group>"; };
		105A3A0F2045DA4800899C0A /* Assets.xcassets */ = {isa = PBXFileReference; lastKnownFileType = folder.assetcatalog; path = Assets.xcassets; sourceTree = "<group>"; };
		105A3A122045DA4800899C0A /* Base */ = {isa = PBXFileReference; lastKnownFileType = file.storyboard; name = Base; path = Base.lproj/LaunchScreen.storyboard; sourceTree = "<group>"; };
		105A3A142045DA4800899C0A /* Info.plist */ = {isa = PBXFileReference; lastKnownFileType = text.plist.xml; path = Info.plist; sourceTree = "<group>"; };
		105A3A192045DA4800899C0A /* FinantialAdivisorCortanaTests.xctest */ = {isa = PBXFileReference; explicitFileType = wrapper.cfbundle; includeInIndex = 0; path = FinantialAdivisorCortanaTests.xctest; sourceTree = BUILT_PRODUCTS_DIR; };
		105A3A1D2045DA4800899C0A /* FinantialAdivisorCortanaTests.swift */ = {isa = PBXFileReference; lastKnownFileType = sourcecode.swift; path = FinantialAdivisorCortanaTests.swift; sourceTree = "<group>"; };
		105A3A1F2045DA4800899C0A /* Info.plist */ = {isa = PBXFileReference; lastKnownFileType = text.plist.xml; path = Info.plist; sourceTree = "<group>"; };
		105A3A242045DA4800899C0A /* FinantialAdivisorCortanaUITests.xctest */ = {isa = PBXFileReference; explicitFileType = wrapper.cfbundle; includeInIndex = 0; path = FinantialAdivisorCortanaUITests.xctest; sourceTree = BUILT_PRODUCTS_DIR; };
		105A3A282045DA4800899C0A /* FinantialAdivisorCortanaUITests.swift */ = {isa = PBXFileReference; lastKnownFileType = sourcecode.swift; path = FinantialAdivisorCortanaUITests.swift; sourceTree = "<group>"; };
		105A3A2A2045DA4800899C0A /* Info.plist */ = {isa = PBXFileReference; lastKnownFileType = text.plist.xml; path = Info.plist; sourceTree = "<group>"; };
		1062293920570135007C109C /* ADVBalancoTableViewCell.swift */ = {isa = PBXFileReference; lastKnownFileType = sourcecode.swift; path = ADVBalancoTableViewCell.swift; sourceTree = "<group>"; };
		1062293A20570135007C109C /* ADVBalancoTableViewCell.xib */ = {isa = PBXFileReference; lastKnownFileType = file.xib; path = ADVBalancoTableViewCell.xib; sourceTree = "<group>"; };
		10622940205701A8007C109C /* ADVDespesasTableViewCell.swift */ = {isa = PBXFileReference; lastKnownFileType = sourcecode.swift; path = ADVDespesasTableViewCell.swift; sourceTree = "<group>"; };
		10622941205701A8007C109C /* ADVDespesasTableViewCell.xib */ = {isa = PBXFileReference; lastKnownFileType = file.xib; path = ADVDespesasTableViewCell.xib; sourceTree = "<group>"; };
		1062294720570345007C109C /* ADVGastosCollectionViewCell.swift */ = {isa = PBXFileReference; lastKnownFileType = sourcecode.swift; path = ADVGastosCollectionViewCell.swift; sourceTree = "<group>"; };
		1062294820570345007C109C /* ADVGastosCollectionViewCell.xib */ = {isa = PBXFileReference; lastKnownFileType = file.xib; path = ADVGastosCollectionViewCell.xib; sourceTree = "<group>"; };
		1062295220570E4B007C109C /* ADVDespesasCell2TableViewCell.swift */ = {isa = PBXFileReference; lastKnownFileType = sourcecode.swift; path = ADVDespesasCell2TableViewCell.swift; sourceTree = "<group>"; };
		1062295320570E4B007C109C /* ADVDespesasCell2TableViewCell.xib */ = {isa = PBXFileReference; lastKnownFileType = file.xib; path = ADVDespesasCell2TableViewCell.xib; sourceTree = "<group>"; };
		10C092D5205FF99D00D9C4A6 /* ADVHeaderMetaTableViewCell.swift */ = {isa = PBXFileReference; lastKnownFileType = sourcecode.swift; path = ADVHeaderMetaTableViewCell.swift; sourceTree = "<group>"; };
		10C092D6205FF99D00D9C4A6 /* ADVHeaderMetaTableViewCell.xib */ = {isa = PBXFileReference; lastKnownFileType = file.xib; path = ADVHeaderMetaTableViewCell.xib; sourceTree = "<group>"; };
		10C092D9205FFB5500D9C4A6 /* ADVGraficoMetaTableViewCell.swift */ = {isa = PBXFileReference; lastKnownFileType = sourcecode.swift; path = ADVGraficoMetaTableViewCell.swift; sourceTree = "<group>"; };
		10C092DA205FFB5500D9C4A6 /* ADVGraficoMetaTableViewCell.xib */ = {isa = PBXFileReference; lastKnownFileType = file.xib; path = ADVGraficoMetaTableViewCell.xib; sourceTree = "<group>"; };
		10C092DD205FFC5700D9C4A6 /* ADVSavingTableViewCell.swift */ = {isa = PBXFileReference; lastKnownFileType = sourcecode.swift; path = ADVSavingTableViewCell.swift; sourceTree = "<group>"; };
		10C092DE205FFC5700D9C4A6 /* ADVSavingTableViewCell.xib */ = {isa = PBXFileReference; lastKnownFileType = file.xib; path = ADVSavingTableViewCell.xib; sourceTree = "<group>"; };
		10C092E12060030900D9C4A6 /* ADVMesesTableViewCell.swift */ = {isa = PBXFileReference; lastKnownFileType = sourcecode.swift; path = ADVMesesTableViewCell.swift; sourceTree = "<group>"; };
		10C092E22060030900D9C4A6 /* ADVMesesTableViewCell.xib */ = {isa = PBXFileReference; lastKnownFileType = file.xib; path = ADVMesesTableViewCell.xib; sourceTree = "<group>"; };
		10C092E52060081500D9C4A6 /* ADVFooterMetaTableViewCell.swift */ = {isa = PBXFileReference; lastKnownFileType = sourcecode.swift; path = ADVFooterMetaTableViewCell.swift; sourceTree = "<group>"; };
		10C092E62060081500D9C4A6 /* ADVFooterMetaTableViewCell.xib */ = {isa = PBXFileReference; lastKnownFileType = file.xib; path = ADVFooterMetaTableViewCell.xib; sourceTree = "<group>"; };
		10C092EA206014A400D9C4A6 /* ADVMetasViewController.swift */ = {isa = PBXFileReference; lastKnownFileType = sourcecode.swift; path = ADVMetasViewController.swift; sourceTree = "<group>"; };
		10C092F220604CED00D9C4A6 /* ADVFooterClassTableViewCell.swift */ = {isa = PBXFileReference; lastKnownFileType = sourcecode.swift; path = ADVFooterClassTableViewCell.swift; sourceTree = "<group>"; };
		10C092F320604CED00D9C4A6 /* ADVFooterClassTableViewCell.xib */ = {isa = PBXFileReference; lastKnownFileType = file.xib; path = ADVFooterClassTableViewCell.xib; sourceTree = "<group>"; };
		10C092F620604E6000D9C4A6 /* ADVGraficoTableViewCell.swift */ = {isa = PBXFileReference; lastKnownFileType = sourcecode.swift; path = ADVGraficoTableViewCell.swift; sourceTree = "<group>"; };
		10C092F720604E6000D9C4A6 /* ADVGraficoTableViewCell.xib */ = {isa = PBXFileReference; lastKnownFileType = file.xib; path = ADVGraficoTableViewCell.xib; sourceTree = "<group>"; };
		10C092FE206056F800D9C4A6 /* ADVValorClassTableViewCell.swift */ = {isa = PBXFileReference; lastKnownFileType = sourcecode.swift; path = ADVValorClassTableViewCell.swift; sourceTree = "<group>"; };
		10C092FF206056F800D9C4A6 /* ADVValorClassTableViewCell.xib */ = {isa = PBXFileReference; lastKnownFileType = file.xib; path = ADVValorClassTableViewCell.xib; sourceTree = "<group>"; };
		10C093022061397E00D9C4A6 /* ADVMetaClassViewController.swift */ = {isa = PBXFileReference; lastKnownFileType = sourcecode.swift; path = ADVMetaClassViewController.swift; sourceTree = "<group>"; };
		10C09306206145C300D9C4A6 /* ADVGatosEDatasTableViewCell.swift */ = {isa = PBXFileReference; lastKnownFileType = sourcecode.swift; path = ADVGatosEDatasTableViewCell.swift; sourceTree = "<group>"; };
		10C09307206145C300D9C4A6 /* ADVGatosEDatasTableViewCell.xib */ = {isa = PBXFileReference; lastKnownFileType = file.xib; path = ADVGatosEDatasTableViewCell.xib; sourceTree = "<group>"; };
		6694B9CAD099D7A56E6D848F /* Pods-FinantialAdivisorCortana.release.xcconfig */ = {isa = PBXFileReference; includeInIndex = 1; lastKnownFileType = text.xcconfig; name = "Pods-FinantialAdivisorCortana.release.xcconfig"; path = "Pods/Target Support Files/Pods-FinantialAdivisorCortana/Pods-FinantialAdivisorCortana.release.xcconfig"; sourceTree = "<group>"; };
		741294D85F963819BE2FAA27 /* Pods-FinantialAdivisorCortana.debug.xcconfig */ = {isa = PBXFileReference; includeInIndex = 1; lastKnownFileType = text.xcconfig; name = "Pods-FinantialAdivisorCortana.debug.xcconfig"; path = "Pods/Target Support Files/Pods-FinantialAdivisorCortana/Pods-FinantialAdivisorCortana.debug.xcconfig"; sourceTree = "<group>"; };
		9E35CE2D08BB4BB73D8150EA /* Pods_FinantialAdivisorCortana.framework */ = {isa = PBXFileReference; explicitFileType = wrapper.framework; includeInIndex = 0; path = Pods_FinantialAdivisorCortana.framework; sourceTree = BUILT_PRODUCTS_DIR; };
/* End PBXFileReference section */

/* Begin PBXFrameworksBuildPhase section */
		105A3A022045DA4700899C0A /* Frameworks */ = {
			isa = PBXFrameworksBuildPhase;
			buildActionMask = 2147483647;
			files = (
				5B4EBDA4188EF0142A9A8A3B /* Pods_FinantialAdivisorCortana.framework in Frameworks */,
			);
			runOnlyForDeploymentPostprocessing = 0;
		};
		105A3A162045DA4800899C0A /* Frameworks */ = {
			isa = PBXFrameworksBuildPhase;
			buildActionMask = 2147483647;
			files = (
			);
			runOnlyForDeploymentPostprocessing = 0;
		};
		105A3A212045DA4800899C0A /* Frameworks */ = {
			isa = PBXFrameworksBuildPhase;
			buildActionMask = 2147483647;
			files = (
			);
			runOnlyForDeploymentPostprocessing = 0;
		};
/* End PBXFrameworksBuildPhase section */

/* Begin PBXGroup section */
		102CC40C2057FD9A001DB1FB /* ADVDespesasClassificadasCell */ = {
			isa = PBXGroup;
			children = (
				102CC40D2057FDD8001DB1FB /* ADVDespesasClassificadasTableViewCell.swift */,
				102CC40E2057FDD8001DB1FB /* ADVDespesasClassificadasTableViewCell.xib */,
			);
			path = ADVDespesasClassificadasCell;
			sourceTree = "<group>";
		};
		102CC4112058075E001DB1FB /* ADVControllers */ = {
			isa = PBXGroup;
			children = (
				10C092E92060148A00D9C4A6 /* ADVMetas */,
				1054E123205956D200A1BDAC /* ADVHome */,
				102CC4122058076A001DB1FB /* ADVDespesas */,
			);
			path = ADVControllers;
			sourceTree = "<group>";
		};
		102CC4122058076A001DB1FB /* ADVDespesas */ = {
			isa = PBXGroup;
			children = (
				102CC41320580781001DB1FB /* ADVDespesasViewController.swift */,
				1054E11C20586C6800A1BDAC /* ADVDespesasTransacoesViewController.swift */,
			);
			path = ADVDespesas;
			sourceTree = "<group>";
		};
		10400CAD205C401000114DAC /* ADVMetaCell */ = {
			isa = PBXGroup;
			children = (
				10C092D4205FF4D900D9C4A6 /* ADVDespesasCell */,
				10C092D3205FF4B900D9C4A6 /* ADVMesesMetaCell */,
				10C092D2205FF48600D9C4A6 /* ADVSavingMetaCell */,
				10C092D1205FF44800D9C4A6 /* ADVGraficoMetaCell */,
				10C092D0205FF43500D9C4A6 /* ADVHeaderMetaCell */,
			);
			path = ADVMetaCell;
			sourceTree = "<group>";
		};
		1054E11320583B8800A1BDAC /* ADVGraficoCell */ = {
			isa = PBXGroup;
			children = (
				1054E11820583DA000A1BDAC /* ADVGraficoPieableViewCell.swift */,
				1054E11920583DA000A1BDAC /* ADVGraficoPieableViewCell.xib */,
			);
			path = ADVGraficoCell;
			sourceTree = "<group>";
		};
		1054E11E20586CFE00A1BDAC /* ADVModels */ = {
			isa = PBXGroup;
			children = (
				1054E11F20586D1600A1BDAC /* ADVDespesas.swift */,
				1054E145205974B300A1BDAC /* ADVHomeCell.swift */,
			);
			path = ADVModels;
			sourceTree = "<group>";
		};
		1054E1212059565F00A1BDAC /* ADVCell */ = {
			isa = PBXGroup;
			children = (
				1054E14C2059B9EA00A1BDAC /* ADVHomeView */,
				1054E1222059566900A1BDAC /* ADVHomeViewCellsSugestao */,
				1062293D2057013C007C109C /* ADVReportViewCells */,
			);
			path = ADVCell;
			sourceTree = "<group>";
		};
		1054E1222059566900A1BDAC /* ADVHomeViewCellsSugestao */ = {
			isa = PBXGroup;
			children = (
				1054E13E205960B200A1BDAC /* ADVTitleExpandableCell */,
				1054E12B205957C000A1BDAC /* ADVInvestimento */,
				1054E12A2059579F00A1BDAC /* ADVEmprestimo */,
				1054E1292059578E00A1BDAC /* ADVCartaoCredito */,
				1054E1282059577900A1BDAC /* ADVCC */,
				1054E14B20599F8700A1BDAC /* ADVFooter */,
			);
			path = ADVHomeViewCellsSugestao;
			sourceTree = "<group>";
		};
		1054E123205956D200A1BDAC /* ADVHome */ = {
			isa = PBXGroup;
			children = (
				1054E1432059701200A1BDAC /* ADVHomeViewController.swift */,
				1054E1632059C2CA00A1BDAC /* ADVMinhaContaViewController.swift */,
				1017CE7E2069758C009EA297 /* PopUpContratarViewController.swift */,
			);
			path = ADVHome;
			sourceTree = "<group>";
		};
		1054E1282059577900A1BDAC /* ADVCC */ = {
			isa = PBXGroup;
			children = (
				1054E1242059576D00A1BDAC /* ADVContaCorrenteTableViewCell.swift */,
				1054E1252059576D00A1BDAC /* ADVContaCorrenteTableViewCell.xib */,
			);
			path = ADVCC;
			sourceTree = "<group>";
		};
		1054E1292059578E00A1BDAC /* ADVCartaoCredito */ = {
			isa = PBXGroup;
			children = (
				1054E12C205957E500A1BDAC /* ADVCartaoTableViewCell.swift */,
				1054E12D205957E500A1BDAC /* ADVCartaoTableViewCell.xib */,
			);
			path = ADVCartaoCredito;
			sourceTree = "<group>";
		};
		1054E12A2059579F00A1BDAC /* ADVEmprestimo */ = {
			isa = PBXGroup;
			children = (
				1054E130205957F300A1BDAC /* ADVEmprestCell.swift */,
				1054E131205957F300A1BDAC /* ADVEmprestimoTableViewCell.xib */,
			);
			path = ADVEmprestimo;
			sourceTree = "<group>";
		};
		1054E12B205957C000A1BDAC /* ADVInvestimento */ = {
			isa = PBXGroup;
			children = (
				1054E1362059582200A1BDAC /* ADVInvestimentoTableViewCell.swift */,
				1054E1372059582200A1BDAC /* ADVInvestimentoTableViewCell.xib */,
			);
			path = ADVInvestimento;
			sourceTree = "<group>";
		};
		1054E13E205960B200A1BDAC /* ADVTitleExpandableCell */ = {
			isa = PBXGroup;
			children = (
				1054E13F2059611E00A1BDAC /* ADVTitleExpandableTableViewCell.swift */,
				1054E1402059611E00A1BDAC /* ADVTitleExpandableTableViewCell.xib */,
			);
			path = ADVTitleExpandableCell;
			sourceTree = "<group>";
		};
		1054E14B20599F8700A1BDAC /* ADVFooter */ = {
			isa = PBXGroup;
			children = (
				1054E14720599EBF00A1BDAC /* FooterTableViewCell.swift */,
				1054E14820599EBF00A1BDAC /* FooterTableViewCell.xib */,
			);
			path = ADVFooter;
			sourceTree = "<group>";
		};
		1054E14C2059B9EA00A1BDAC /* ADVHomeView */ = {
			isa = PBXGroup;
			children = (
				1054E14D2059B9F600A1BDAC /* ADVHomeCCCell */,
				1054E1562059BEB900A1BDAC /* ADVCreditCardHomeCell */,
				1054E15B2059BF2A00A1BDAC /* ADVInvestimentHomeCell */,
				1054E1602059C18800A1BDAC /* ADVEmprestimo */,
			);
			path = ADVHomeView;
			sourceTree = "<group>";
		};
		1054E14D2059B9F600A1BDAC /* ADVHomeCCCell */ = {
			isa = PBXGroup;
			children = (
				1054E14E2059BA1400A1BDAC /* ADVHomeccTableViewCell.swift */,
				1054E14F2059BA1400A1BDAC /* ADVHomeccTableViewCell.xib */,
			);
			path = ADVHomeCCCell;
			sourceTree = "<group>";
		};
		1054E1562059BEB900A1BDAC /* ADVCreditCardHomeCell */ = {
			isa = PBXGroup;
			children = (
				1054E1522059BC3D00A1BDAC /* ADVCreditCardTableViewCell.swift */,
				1054E1532059BC3D00A1BDAC /* ADVCreditCardTableViewCell.xib */,
			);
			path = ADVCreditCardHomeCell;
			sourceTree = "<group>";
		};
		1054E15B2059BF2A00A1BDAC /* ADVInvestimentHomeCell */ = {
			isa = PBXGroup;
			children = (
				1054E1572059BEEB00A1BDAC /* ADVInvertimentsHomeTableViewCell.swift */,
				1054E1582059BEEB00A1BDAC /* ADVInvertimentsHomeTableViewCell.xib */,
			);
			path = ADVInvestimentHomeCell;
			sourceTree = "<group>";
		};
		1054E1602059C18800A1BDAC /* ADVEmprestimo */ = {
			isa = PBXGroup;
			children = (
				1054E169205AA70F00A1BDAC /* ADVHomeEmprestimTableViewCell.swift */,
				1054E16A205AA70F00A1BDAC /* ADVHomeEmprestimTableViewCell.xib */,
			);
			path = ADVEmprestimo;
			sourceTree = "<group>";
		};
		105A39FC2045DA4700899C0A = {
			isa = PBXGroup;
			children = (
				105A3A072045DA4700899C0A /* FinantialAdivisorCortana */,
				105A3A1C2045DA4800899C0A /* FinantialAdivisorCortanaTests */,
				105A3A272045DA4800899C0A /* FinantialAdivisorCortanaUITests */,
				105A3A062045DA4700899C0A /* Products */,
				BCDB956DE4F2785ED63AAA41 /* Pods */,
				67B5F7600E65232F706051D1 /* Frameworks */,
			);
			sourceTree = "<group>";
		};
		105A3A062045DA4700899C0A /* Products */ = {
			isa = PBXGroup;
			children = (
				105A3A052045DA4700899C0A /* FinantialAdivisorCortana.app */,
				105A3A192045DA4800899C0A /* FinantialAdivisorCortanaTests.xctest */,
				105A3A242045DA4800899C0A /* FinantialAdivisorCortanaUITests.xctest */,
			);
			name = Products;
			sourceTree = "<group>";
		};
		105A3A072045DA4700899C0A /* FinantialAdivisorCortana */ = {
			isa = PBXGroup;
			children = (
				10C092EC20604AFB00D9C4A6 /* ADVMetaClassCell */,
				10400CAD205C401000114DAC /* ADVMetaCell */,
				1054E1212059565F00A1BDAC /* ADVCell */,
				1054E11E20586CFE00A1BDAC /* ADVModels */,
				102CC4112058075E001DB1FB /* ADVControllers */,
				105A3A082045DA4700899C0A /* AppDelegate.swift */,
				105A3A0A2045DA4700899C0A /* ViewController.swift */,
				1054E16D205AC35C00A1BDAC /* Main.storyboard */,
				1054E11020581A0400A1BDAC /* ADVOverviewReportViewController.swift */,
				105A3A0F2045DA4800899C0A /* Assets.xcassets */,
				105A3A112045DA4800899C0A /* LaunchScreen.storyboard */,
				105A3A142045DA4800899C0A /* Info.plist */,
			);
			path = FinantialAdivisorCortana;
			sourceTree = "<group>";
		};
		105A3A1C2045DA4800899C0A /* FinantialAdivisorCortanaTests */ = {
			isa = PBXGroup;
			children = (
				105A3A1D2045DA4800899C0A /* FinantialAdivisorCortanaTests.swift */,
				105A3A1F2045DA4800899C0A /* Info.plist */,
			);
			path = FinantialAdivisorCortanaTests;
			sourceTree = "<group>";
		};
		105A3A272045DA4800899C0A /* FinantialAdivisorCortanaUITests */ = {
			isa = PBXGroup;
			children = (
				105A3A282045DA4800899C0A /* FinantialAdivisorCortanaUITests.swift */,
				105A3A2A2045DA4800899C0A /* Info.plist */,
			);
			path = FinantialAdivisorCortanaUITests;
			sourceTree = "<group>";
		};
		1062293D2057013C007C109C /* ADVReportViewCells */ = {
			isa = PBXGroup;
			children = (
				1054E11320583B8800A1BDAC /* ADVGraficoCell */,
				102CC40C2057FD9A001DB1FB /* ADVDespesasClassificadasCell */,
				10622944205702F9007C109C /* ADVGastosCell */,
				1062293F2057018B007C109C /* ADVDespesas */,
				1062293E20570156007C109C /* ADVBalancoCell */,
			);
			path = ADVReportViewCells;
			sourceTree = "<group>";
		};
		1062293E20570156007C109C /* ADVBalancoCell */ = {
			isa = PBXGroup;
			children = (
				1062293920570135007C109C /* ADVBalancoTableViewCell.swift */,
				1062293A20570135007C109C /* ADVBalancoTableViewCell.xib */,
			);
			path = ADVBalancoCell;
			sourceTree = "<group>";
		};
		1062293F2057018B007C109C /* ADVDespesas */ = {
			isa = PBXGroup;
			children = (
				10622940205701A8007C109C /* ADVDespesasTableViewCell.swift */,
				10622941205701A8007C109C /* ADVDespesasTableViewCell.xib */,
				1062295220570E4B007C109C /* ADVDespesasCell2TableViewCell.swift */,
				1062295320570E4B007C109C /* ADVDespesasCell2TableViewCell.xib */,
			);
			path = ADVDespesas;
			sourceTree = "<group>";
		};
		10622944205702F9007C109C /* ADVGastosCell */ = {
			isa = PBXGroup;
			children = (
				1062294720570345007C109C /* ADVGastosCollectionViewCell.swift */,
				1062294820570345007C109C /* ADVGastosCollectionViewCell.xib */,
			);
			path = ADVGastosCell;
			sourceTree = "<group>";
		};
		10C092D0205FF43500D9C4A6 /* ADVHeaderMetaCell */ = {
			isa = PBXGroup;
			children = (
				10C092D5205FF99D00D9C4A6 /* ADVHeaderMetaTableViewCell.swift */,
				10C092D6205FF99D00D9C4A6 /* ADVHeaderMetaTableViewCell.xib */,
			);
			path = ADVHeaderMetaCell;
			sourceTree = "<group>";
		};
		10C092D1205FF44800D9C4A6 /* ADVGraficoMetaCell */ = {
			isa = PBXGroup;
			children = (
				10C092D9205FFB5500D9C4A6 /* ADVGraficoMetaTableViewCell.swift */,
				10C092DA205FFB5500D9C4A6 /* ADVGraficoMetaTableViewCell.xib */,
			);
			path = ADVGraficoMetaCell;
			sourceTree = "<group>";
		};
		10C092D2205FF48600D9C4A6 /* ADVSavingMetaCell */ = {
			isa = PBXGroup;
			children = (
				10C092DD205FFC5700D9C4A6 /* ADVSavingTableViewCell.swift */,
				10C092DE205FFC5700D9C4A6 /* ADVSavingTableViewCell.xib */,
			);
			path = ADVSavingMetaCell;
			sourceTree = "<group>";
		};
		10C092D3205FF4B900D9C4A6 /* ADVMesesMetaCell */ = {
			isa = PBXGroup;
			children = (
				10C092E12060030900D9C4A6 /* ADVMesesTableViewCell.swift */,
				10C092E22060030900D9C4A6 /* ADVMesesTableViewCell.xib */,
			);
			path = ADVMesesMetaCell;
			sourceTree = "<group>";
		};
		10C092D4205FF4D900D9C4A6 /* ADVDespesasCell */ = {
			isa = PBXGroup;
			children = (
				10C092E52060081500D9C4A6 /* ADVFooterMetaTableViewCell.swift */,
				10C092E62060081500D9C4A6 /* ADVFooterMetaTableViewCell.xib */,
			);
			path = ADVDespesasCell;
			sourceTree = "<group>";
		};
		10C092E92060148A00D9C4A6 /* ADVMetas */ = {
			isa = PBXGroup;
			children = (
				10C092EA206014A400D9C4A6 /* ADVMetasViewController.swift */,
				10C093022061397E00D9C4A6 /* ADVMetaClassViewController.swift */,
			);
			path = ADVMetas;
			sourceTree = "<group>";
		};
		10C092EC20604AFB00D9C4A6 /* ADVMetaClassCell */ = {
			isa = PBXGroup;
			children = (
				10C092F020604B6F00D9C4A6 /* ADVValoresGastosCell */,
				10C092EF20604B4C00D9C4A6 /* ADVGasto&DataCell */,
				10C092EE20604B3C00D9C4A6 /* ADVGraficoClassCell */,
				10C092ED20604B2B00D9C4A6 /* ADVFooterClassCell */,
			);
			path = ADVMetaClassCell;
			sourceTree = "<group>";
		};
		10C092ED20604B2B00D9C4A6 /* ADVFooterClassCell */ = {
			isa = PBXGroup;
			children = (
				10C092F220604CED00D9C4A6 /* ADVFooterClassTableViewCell.swift */,
				10C092F320604CED00D9C4A6 /* ADVFooterClassTableViewCell.xib */,
			);
			path = ADVFooterClassCell;
			sourceTree = "<group>";
		};
		10C092EE20604B3C00D9C4A6 /* ADVGraficoClassCell */ = {
			isa = PBXGroup;
			children = (
				10C092F620604E6000D9C4A6 /* ADVGraficoTableViewCell.swift */,
				10C092F720604E6000D9C4A6 /* ADVGraficoTableViewCell.xib */,
			);
			path = ADVGraficoClassCell;
			sourceTree = "<group>";
		};
		10C092EF20604B4C00D9C4A6 /* ADVGasto&DataCell */ = {
			isa = PBXGroup;
			children = (
				10C09306206145C300D9C4A6 /* ADVGatosEDatasTableViewCell.swift */,
				10C09307206145C300D9C4A6 /* ADVGatosEDatasTableViewCell.xib */,
			);
			path = "ADVGasto&DataCell";
			sourceTree = "<group>";
		};
		10C092F020604B6F00D9C4A6 /* ADVValoresGastosCell */ = {
			isa = PBXGroup;
			children = (
				10C092FE206056F800D9C4A6 /* ADVValorClassTableViewCell.swift */,
				10C092FF206056F800D9C4A6 /* ADVValorClassTableViewCell.xib */,
			);
			path = ADVValoresGastosCell;
			sourceTree = "<group>";
		};
		67B5F7600E65232F706051D1 /* Frameworks */ = {
			isa = PBXGroup;
			children = (
				9E35CE2D08BB4BB73D8150EA /* Pods_FinantialAdivisorCortana.framework */,
			);
			name = Frameworks;
			sourceTree = "<group>";
		};
		BCDB956DE4F2785ED63AAA41 /* Pods */ = {
			isa = PBXGroup;
			children = (
				741294D85F963819BE2FAA27 /* Pods-FinantialAdivisorCortana.debug.xcconfig */,
				6694B9CAD099D7A56E6D848F /* Pods-FinantialAdivisorCortana.release.xcconfig */,
			);
			name = Pods;
			sourceTree = "<group>";
		};
/* End PBXGroup section */

/* Begin PBXNativeTarget section */
		105A3A042045DA4700899C0A /* FinantialAdivisorCortana */ = {
			isa = PBXNativeTarget;
			buildConfigurationList = 105A3A2D2045DA4800899C0A /* Build configuration list for PBXNativeTarget "FinantialAdivisorCortana" */;
			buildPhases = (
				98A3B015B12490BDA0AF690A /* [CP] Check Pods Manifest.lock */,
				105A3A012045DA4700899C0A /* Sources */,
				105A3A022045DA4700899C0A /* Frameworks */,
				105A3A032045DA4700899C0A /* Resources */,
				68C152CA4A22E67C8A0BEC79 /* [CP] Embed Pods Frameworks */,
				A61D2EBE7C4E06E1CD9DB752 /* [CP] Copy Pods Resources */,
			);
			buildRules = (
			);
			dependencies = (
			);
			name = FinantialAdivisorCortana;
			productName = FinantialAdivisorCortana;
			productReference = 105A3A052045DA4700899C0A /* FinantialAdivisorCortana.app */;
			productType = "com.apple.product-type.application";
		};
		105A3A182045DA4800899C0A /* FinantialAdivisorCortanaTests */ = {
			isa = PBXNativeTarget;
			buildConfigurationList = 105A3A302045DA4800899C0A /* Build configuration list for PBXNativeTarget "FinantialAdivisorCortanaTests" */;
			buildPhases = (
				105A3A152045DA4800899C0A /* Sources */,
				105A3A162045DA4800899C0A /* Frameworks */,
				105A3A172045DA4800899C0A /* Resources */,
			);
			buildRules = (
			);
			dependencies = (
				105A3A1B2045DA4800899C0A /* PBXTargetDependency */,
			);
			name = FinantialAdivisorCortanaTests;
			productName = FinantialAdivisorCortanaTests;
			productReference = 105A3A192045DA4800899C0A /* FinantialAdivisorCortanaTests.xctest */;
			productType = "com.apple.product-type.bundle.unit-test";
		};
		105A3A232045DA4800899C0A /* FinantialAdivisorCortanaUITests */ = {
			isa = PBXNativeTarget;
			buildConfigurationList = 105A3A332045DA4800899C0A /* Build configuration list for PBXNativeTarget "FinantialAdivisorCortanaUITests" */;
			buildPhases = (
				105A3A202045DA4800899C0A /* Sources */,
				105A3A212045DA4800899C0A /* Frameworks */,
				105A3A222045DA4800899C0A /* Resources */,
			);
			buildRules = (
			);
			dependencies = (
				105A3A262045DA4800899C0A /* PBXTargetDependency */,
			);
			name = FinantialAdivisorCortanaUITests;
			productName = FinantialAdivisorCortanaUITests;
			productReference = 105A3A242045DA4800899C0A /* FinantialAdivisorCortanaUITests.xctest */;
			productType = "com.apple.product-type.bundle.ui-testing";
		};
/* End PBXNativeTarget section */

/* Begin PBXProject section */
		105A39FD2045DA4700899C0A /* Project object */ = {
			isa = PBXProject;
			attributes = {
				LastSwiftUpdateCheck = 0830;
				LastUpgradeCheck = 0830;
				ORGANIZATIONNAME = "João Paulo  Tieles";
				TargetAttributes = {
					105A3A042045DA4700899C0A = {
						CreatedOnToolsVersion = 8.3.3;
						ProvisioningStyle = Automatic;
					};
					105A3A182045DA4800899C0A = {
						CreatedOnToolsVersion = 8.3.3;
						ProvisioningStyle = Automatic;
						TestTargetID = 105A3A042045DA4700899C0A;
					};
					105A3A232045DA4800899C0A = {
						CreatedOnToolsVersion = 8.3.3;
						ProvisioningStyle = Automatic;
						TestTargetID = 105A3A042045DA4700899C0A;
					};
				};
			};
			buildConfigurationList = 105A3A002045DA4700899C0A /* Build configuration list for PBXProject "FinantialAdivisorCortana" */;
			compatibilityVersion = "Xcode 3.2";
			developmentRegion = English;
			hasScannedForEncodings = 0;
			knownRegions = (
				en,
				Base,
			);
			mainGroup = 105A39FC2045DA4700899C0A;
			productRefGroup = 105A3A062045DA4700899C0A /* Products */;
			projectDirPath = "";
			projectRoot = "";
			targets = (
				105A3A042045DA4700899C0A /* FinantialAdivisorCortana */,
				105A3A182045DA4800899C0A /* FinantialAdivisorCortanaTests */,
				105A3A232045DA4800899C0A /* FinantialAdivisorCortanaUITests */,
			);
		};
/* End PBXProject section */

/* Begin PBXResourcesBuildPhase section */
		105A3A032045DA4700899C0A /* Resources */ = {
			isa = PBXResourcesBuildPhase;
			buildActionMask = 2147483647;
			files = (
				105A3A132045DA4800899C0A /* LaunchScreen.storyboard in Resources */,
				1054E16C205AA70F00A1BDAC /* ADVHomeEmprestimTableViewCell.xib in Resources */,
				1062294A20570345007C109C /* ADVGastosCollectionViewCell.xib in Resources */,
				10C09309206145C300D9C4A6 /* ADVGatosEDatasTableViewCell.xib in Resources */,
				10C092E82060081500D9C4A6 /* ADVFooterMetaTableViewCell.xib in Resources */,
				10C092DC205FFB5500D9C4A6 /* ADVGraficoMetaTableViewCell.xib in Resources */,
				102CC4102057FDD8001DB1FB /* ADVDespesasClassificadasTableViewCell.xib in Resources */,
				10C092E0205FFC5700D9C4A6 /* ADVSavingTableViewCell.xib in Resources */,
				10C092F520604CED00D9C4A6 /* ADVFooterClassTableViewCell.xib in Resources */,
				1054E1272059576D00A1BDAC /* ADVContaCorrenteTableViewCell.xib in Resources */,
				105A3A102045DA4800899C0A /* Assets.xcassets in Resources */,
				1054E1392059582200A1BDAC /* ADVInvestimentoTableViewCell.xib in Resources */,
				1054E1552059BC3D00A1BDAC /* ADVCreditCardTableViewCell.xib in Resources */,
				1054E14A20599EBF00A1BDAC /* FooterTableViewCell.xib in Resources */,
				10C092F920604E6000D9C4A6 /* ADVGraficoTableViewCell.xib in Resources */,
				1054E11B20583DA000A1BDAC /* ADVGraficoPieableViewCell.xib in Resources */,
				1054E1512059BA1400A1BDAC /* ADVHomeccTableViewCell.xib in Resources */,
				1054E15A2059BEEB00A1BDAC /* ADVInvertimentsHomeTableViewCell.xib in Resources */,
				1062293C20570135007C109C /* ADVBalancoTableViewCell.xib in Resources */,
				10C09301206056F800D9C4A6 /* ADVValorClassTableViewCell.xib in Resources */,
				10C092E42060030900D9C4A6 /* ADVMesesTableViewCell.xib in Resources */,
				1054E1422059611E00A1BDAC /* ADVTitleExpandableTableViewCell.xib in Resources */,
				1062295520570E4B007C109C /* ADVDespesasCell2TableViewCell.xib in Resources */,
				10622943205701A8007C109C /* ADVDespesasTableViewCell.xib in Resources */,
				1054E133205957F300A1BDAC /* ADVEmprestimoTableViewCell.xib in Resources */,
				10C092D8205FF99D00D9C4A6 /* ADVHeaderMetaTableViewCell.xib in Resources */,
				1054E16E205AC35C00A1BDAC /* Main.storyboard in Resources */,
				1054E12F205957E500A1BDAC /* ADVCartaoTableViewCell.xib in Resources */,
			);
			runOnlyForDeploymentPostprocessing = 0;
		};
		105A3A172045DA4800899C0A /* Resources */ = {
			isa = PBXResourcesBuildPhase;
			buildActionMask = 2147483647;
			files = (
			);
			runOnlyForDeploymentPostprocessing = 0;
		};
		105A3A222045DA4800899C0A /* Resources */ = {
			isa = PBXResourcesBuildPhase;
			buildActionMask = 2147483647;
			files = (
			);
			runOnlyForDeploymentPostprocessing = 0;
		};
/* End PBXResourcesBuildPhase section */

/* Begin PBXShellScriptBuildPhase section */
		68C152CA4A22E67C8A0BEC79 /* [CP] Embed Pods Frameworks */ = {
			isa = PBXShellScriptBuildPhase;
			buildActionMask = 2147483647;
			files = (
			);
			inputPaths = (
				"${SRCROOT}/Pods/Target Support Files/Pods-FinantialAdivisorCortana/Pods-FinantialAdivisorCortana-frameworks.sh",
				"${BUILT_PRODUCTS_DIR}/Alamofire/Alamofire.framework",
				"${BUILT_PRODUCTS_DIR}/ExpandableCell/ExpandableCell.framework",
				"${BUILT_PRODUCTS_DIR}/RKPieChart/RKPieChart.framework",
				"${BUILT_PRODUCTS_DIR}/SideMenu/SideMenu.framework",
				"${BUILT_PRODUCTS_DIR}/SwiftSpinner/SwiftSpinner.framework",
				"${BUILT_PRODUCTS_DIR}/UICircularProgressRing/UICircularProgressRing.framework",
			);
			name = "[CP] Embed Pods Frameworks";
			outputPaths = (
				"${TARGET_BUILD_DIR}/${FRAMEWORKS_FOLDER_PATH}/Alamofire.framework",
				"${TARGET_BUILD_DIR}/${FRAMEWORKS_FOLDER_PATH}/ExpandableCell.framework",
				"${TARGET_BUILD_DIR}/${FRAMEWORKS_FOLDER_PATH}/RKPieChart.framework",
				"${TARGET_BUILD_DIR}/${FRAMEWORKS_FOLDER_PATH}/SideMenu.framework",
				"${TARGET_BUILD_DIR}/${FRAMEWORKS_FOLDER_PATH}/SwiftSpinner.framework",
				"${TARGET_BUILD_DIR}/${FRAMEWORKS_FOLDER_PATH}/UICircularProgressRing.framework",
			);
			runOnlyForDeploymentPostprocessing = 0;
			shellPath = /bin/sh;
			shellScript = "\"${SRCROOT}/Pods/Target Support Files/Pods-FinantialAdivisorCortana/Pods-FinantialAdivisorCortana-frameworks.sh\"\n";
			showEnvVarsInLog = 0;
		};
		98A3B015B12490BDA0AF690A /* [CP] Check Pods Manifest.lock */ = {
			isa = PBXShellScriptBuildPhase;
			buildActionMask = 2147483647;
			files = (
			);
			inputPaths = (
				"${PODS_PODFILE_DIR_PATH}/Podfile.lock",
				"${PODS_ROOT}/Manifest.lock",
			);
			name = "[CP] Check Pods Manifest.lock";
			outputPaths = (
				"$(DERIVED_FILE_DIR)/Pods-FinantialAdivisorCortana-checkManifestLockResult.txt",
			);
			runOnlyForDeploymentPostprocessing = 0;
			shellPath = /bin/sh;
			shellScript = "diff \"${PODS_PODFILE_DIR_PATH}/Podfile.lock\" \"${PODS_ROOT}/Manifest.lock\" > /dev/null\nif [ $? != 0 ] ; then\n    # print error to STDERR\n    echo \"error: The sandbox is not in sync with the Podfile.lock. Run 'pod install' or update your CocoaPods installation.\" >&2\n    exit 1\nfi\n# This output is used by Xcode 'outputs' to avoid re-running this script phase.\necho \"SUCCESS\" > \"${SCRIPT_OUTPUT_FILE_0}\"\n";
			showEnvVarsInLog = 0;
		};
		A61D2EBE7C4E06E1CD9DB752 /* [CP] Copy Pods Resources */ = {
			isa = PBXShellScriptBuildPhase;
			buildActionMask = 2147483647;
			files = (
			);
			inputPaths = (
			);
			name = "[CP] Copy Pods Resources";
			outputPaths = (
			);
			runOnlyForDeploymentPostprocessing = 0;
			shellPath = /bin/sh;
			shellScript = "\"${SRCROOT}/Pods/Target Support Files/Pods-FinantialAdivisorCortana/Pods-FinantialAdivisorCortana-resources.sh\"\n";
			showEnvVarsInLog = 0;
		};
/* End PBXShellScriptBuildPhase section */

/* Begin PBXSourcesBuildPhase section */
		105A3A012045DA4700899C0A /* Sources */ = {
			isa = PBXSourcesBuildPhase;
			buildActionMask = 2147483647;
			files = (
				1054E1382059582200A1BDAC /* ADVInvestimentoTableViewCell.swift in Sources */,
				1062293B20570135007C109C /* ADVBalancoTableViewCell.swift in Sources */,
				1054E14920599EBF00A1BDAC /* FooterTableViewCell.swift in Sources */,
				10C092EB206014A400D9C4A6 /* ADVMetasViewController.swift in Sources */,
				105A3A0B2045DA4700899C0A /* ViewController.swift in Sources */,
				10C092DB205FFB5500D9C4A6 /* ADVGraficoMetaTableViewCell.swift in Sources */,
				1054E11D20586C6800A1BDAC /* ADVDespesasTransacoesViewController.swift in Sources */,
				1054E16B205AA70F00A1BDAC /* ADVHomeEmprestimTableViewCell.swift in Sources */,
				105A3A092045DA4700899C0A /* AppDelegate.swift in Sources */,
				10C092E72060081500D9C4A6 /* ADVFooterMetaTableViewCell.swift in Sources */,
				1054E1442059701200A1BDAC /* ADVHomeViewController.swift in Sources */,
				1054E146205974B300A1BDAC /* ADVHomeCell.swift in Sources */,
				10C092F820604E6000D9C4A6 /* ADVGraficoTableViewCell.swift in Sources */,
				102CC40F2057FDD8001DB1FB /* ADVDespesasClassificadasTableViewCell.swift in Sources */,
				10C09300206056F800D9C4A6 /* ADVValorClassTableViewCell.swift in Sources */,
				1054E132205957F300A1BDAC /* ADVEmprestCell.swift in Sources */,
				1054E1542059BC3D00A1BDAC /* ADVCreditCardTableViewCell.swift in Sources */,
				102CC41420580781001DB1FB /* ADVDespesasViewController.swift in Sources */,
				1054E1262059576D00A1BDAC /* ADVContaCorrenteTableViewCell.swift in Sources */,
				1062294920570345007C109C /* ADVGastosCollectionViewCell.swift in Sources */,
				1054E12020586D1600A1BDAC /* ADVDespesas.swift in Sources */,
				10C092DF205FFC5700D9C4A6 /* ADVSavingTableViewCell.swift in Sources */,
				1054E1592059BEEB00A1BDAC /* ADVInvertimentsHomeTableViewCell.swift in Sources */,
				1054E11120581A0400A1BDAC /* ADVOverviewReportViewController.swift in Sources */,
				1054E1642059C2CA00A1BDAC /* ADVMinhaContaViewController.swift in Sources */,
				1054E1502059BA1400A1BDAC /* ADVHomeccTableViewCell.swift in Sources */,
				10C09308206145C300D9C4A6 /* ADVGatosEDatasTableViewCell.swift in Sources */,
				10C092E32060030900D9C4A6 /* ADVMesesTableViewCell.swift in Sources */,
				10C093032061397E00D9C4A6 /* ADVMetaClassViewController.swift in Sources */,
				10622942205701A8007C109C /* ADVDespesasTableViewCell.swift in Sources */,
				1017CE7F2069758C009EA297 /* PopUpContratarViewController.swift in Sources */,
				1062295420570E4B007C109C /* ADVDespesasCell2TableViewCell.swift in Sources */,
				1054E11A20583DA000A1BDAC /* ADVGraficoPieableViewCell.swift in Sources */,
				1054E1412059611E00A1BDAC /* ADVTitleExpandableTableViewCell.swift in Sources */,
				10C092F420604CED00D9C4A6 /* ADVFooterClassTableViewCell.swift in Sources */,
				10C092D7205FF99D00D9C4A6 /* ADVHeaderMetaTableViewCell.swift in Sources */,
				1054E12E205957E500A1BDAC /* ADVCartaoTableViewCell.swift in Sources */,
			);
			runOnlyForDeploymentPostprocessing = 0;
		};
		105A3A152045DA4800899C0A /* Sources */ = {
			isa = PBXSourcesBuildPhase;
			buildActionMask = 2147483647;
			files = (
				105A3A1E2045DA4800899C0A /* FinantialAdivisorCortanaTests.swift in Sources */,
			);
			runOnlyForDeploymentPostprocessing = 0;
		};
		105A3A202045DA4800899C0A /* Sources */ = {
			isa = PBXSourcesBuildPhase;
			buildActionMask = 2147483647;
			files = (
				105A3A292045DA4800899C0A /* FinantialAdivisorCortanaUITests.swift in Sources */,
			);
			runOnlyForDeploymentPostprocessing = 0;
		};
/* End PBXSourcesBuildPhase section */

/* Begin PBXTargetDependency section */
		105A3A1B2045DA4800899C0A /* PBXTargetDependency */ = {
			isa = PBXTargetDependency;
			target = 105A3A042045DA4700899C0A /* FinantialAdivisorCortana */;
			targetProxy = 105A3A1A2045DA4800899C0A /* PBXContainerItemProxy */;
		};
		105A3A262045DA4800899C0A /* PBXTargetDependency */ = {
			isa = PBXTargetDependency;
			target = 105A3A042045DA4700899C0A /* FinantialAdivisorCortana */;
			targetProxy = 105A3A252045DA4800899C0A /* PBXContainerItemProxy */;
		};
/* End PBXTargetDependency section */

/* Begin PBXVariantGroup section */
		105A3A112045DA4800899C0A /* LaunchScreen.storyboard */ = {
			isa = PBXVariantGroup;
			children = (
				105A3A122045DA4800899C0A /* Base */,
			);
			name = LaunchScreen.storyboard;
			sourceTree = "<group>";
		};
/* End PBXVariantGroup section */

/* Begin XCBuildConfiguration section */
		105A3A2B2045DA4800899C0A /* Debug */ = {
			isa = XCBuildConfiguration;
			buildSettings = {
				ALWAYS_SEARCH_USER_PATHS = NO;
				CLANG_ANALYZER_NONNULL = YES;
				CLANG_ANALYZER_NUMBER_OBJECT_CONVERSION = YES_AGGRESSIVE;
				CLANG_CXX_LANGUAGE_STANDARD = "gnu++0x";
				CLANG_CXX_LIBRARY = "libc++";
				CLANG_ENABLE_MODULES = YES;
				CLANG_ENABLE_OBJC_ARC = YES;
				CLANG_WARN_BOOL_CONVERSION = YES;
				CLANG_WARN_CONSTANT_CONVERSION = YES;
				CLANG_WARN_DIRECT_OBJC_ISA_USAGE = YES_ERROR;
				CLANG_WARN_DOCUMENTATION_COMMENTS = YES;
				CLANG_WARN_EMPTY_BODY = YES;
				CLANG_WARN_ENUM_CONVERSION = YES;
				CLANG_WARN_INFINITE_RECURSION = YES;
				CLANG_WARN_INT_CONVERSION = YES;
				CLANG_WARN_OBJC_ROOT_CLASS = YES_ERROR;
				CLANG_WARN_SUSPICIOUS_MOVE = YES;
				CLANG_WARN_UNREACHABLE_CODE = YES;
				CLANG_WARN__DUPLICATE_METHOD_MATCH = YES;
				"CODE_SIGN_IDENTITY[sdk=iphoneos*]" = "iPhone Developer";
				COPY_PHASE_STRIP = NO;
				DEBUG_INFORMATION_FORMAT = dwarf;
				ENABLE_STRICT_OBJC_MSGSEND = YES;
				ENABLE_TESTABILITY = YES;
				GCC_C_LANGUAGE_STANDARD = gnu99;
				GCC_DYNAMIC_NO_PIC = NO;
				GCC_NO_COMMON_BLOCKS = YES;
				GCC_OPTIMIZATION_LEVEL = 0;
				GCC_PREPROCESSOR_DEFINITIONS = (
					"DEBUG=1",
					"$(inherited)",
				);
				GCC_WARN_64_TO_32_BIT_CONVERSION = YES;
				GCC_WARN_ABOUT_RETURN_TYPE = YES_ERROR;
				GCC_WARN_UNDECLARED_SELECTOR = YES;
				GCC_WARN_UNINITIALIZED_AUTOS = YES_AGGRESSIVE;
				GCC_WARN_UNUSED_FUNCTION = YES;
				GCC_WARN_UNUSED_VARIABLE = YES;
				IPHONEOS_DEPLOYMENT_TARGET = 10.3;
				MTL_ENABLE_DEBUG_INFO = YES;
				ONLY_ACTIVE_ARCH = YES;
				SDKROOT = iphoneos;
				SWIFT_ACTIVE_COMPILATION_CONDITIONS = DEBUG;
				SWIFT_OPTIMIZATION_LEVEL = "-Onone";
				TARGETED_DEVICE_FAMILY = "1,2";
			};
			name = Debug;
		};
		105A3A2C2045DA4800899C0A /* Release */ = {
			isa = XCBuildConfiguration;
			buildSettings = {
				ALWAYS_SEARCH_USER_PATHS = NO;
				CLANG_ANALYZER_NONNULL = YES;
				CLANG_ANALYZER_NUMBER_OBJECT_CONVERSION = YES_AGGRESSIVE;
				CLANG_CXX_LANGUAGE_STANDARD = "gnu++0x";
				CLANG_CXX_LIBRARY = "libc++";
				CLANG_ENABLE_MODULES = YES;
				CLANG_ENABLE_OBJC_ARC = YES;
				CLANG_WARN_BOOL_CONVERSION = YES;
				CLANG_WARN_CONSTANT_CONVERSION = YES;
				CLANG_WARN_DIRECT_OBJC_ISA_USAGE = YES_ERROR;
				CLANG_WARN_DOCUMENTATION_COMMENTS = YES;
				CLANG_WARN_EMPTY_BODY = YES;
				CLANG_WARN_ENUM_CONVERSION = YES;
				CLANG_WARN_INFINITE_RECURSION = YES;
				CLANG_WARN_INT_CONVERSION = YES;
				CLANG_WARN_OBJC_ROOT_CLASS = YES_ERROR;
				CLANG_WARN_SUSPICIOUS_MOVE = YES;
				CLANG_WARN_UNREACHABLE_CODE = YES;
				CLANG_WARN__DUPLICATE_METHOD_MATCH = YES;
				"CODE_SIGN_IDENTITY[sdk=iphoneos*]" = "iPhone Developer";
				COPY_PHASE_STRIP = NO;
				DEBUG_INFORMATION_FORMAT = "dwarf-with-dsym";
				ENABLE_NS_ASSERTIONS = NO;
				ENABLE_STRICT_OBJC_MSGSEND = YES;
				GCC_C_LANGUAGE_STANDARD = gnu99;
				GCC_NO_COMMON_BLOCKS = YES;
				GCC_WARN_64_TO_32_BIT_CONVERSION = YES;
				GCC_WARN_ABOUT_RETURN_TYPE = YES_ERROR;
				GCC_WARN_UNDECLARED_SELECTOR = YES;
				GCC_WARN_UNINITIALIZED_AUTOS = YES_AGGRESSIVE;
				GCC_WARN_UNUSED_FUNCTION = YES;
				GCC_WARN_UNUSED_VARIABLE = YES;
				IPHONEOS_DEPLOYMENT_TARGET = 10.3;
				MTL_ENABLE_DEBUG_INFO = NO;
				SDKROOT = iphoneos;
				SWIFT_OPTIMIZATION_LEVEL = "-Owholemodule";
				TARGETED_DEVICE_FAMILY = "1,2";
				VALIDATE_PRODUCT = YES;
			};
			name = Release;
		};
		105A3A2E2045DA4800899C0A /* Debug */ = {
			isa = XCBuildConfiguration;
			baseConfigurationReference = 741294D85F963819BE2FAA27 /* Pods-FinantialAdivisorCortana.debug.xcconfig */;
			buildSettings = {
				ASSETCATALOG_COMPILER_APPICON_NAME = AppIcon;
				INFOPLIST_FILE = FinantialAdivisorCortana/Info.plist;
				LD_RUNPATH_SEARCH_PATHS = "$(inherited) @executable_path/Frameworks";
				PRODUCT_BUNDLE_IDENTIFIER = "ZUP-I.T.FinantialAdivisorCortana";
				PRODUCT_NAME = "$(TARGET_NAME)";
				SWIFT_VERSION = 3.0;
			};
			name = Debug;
		};
		105A3A2F2045DA4800899C0A /* Release */ = {
			isa = XCBuildConfiguration;
			baseConfigurationReference = 6694B9CAD099D7A56E6D848F /* Pods-FinantialAdivisorCortana.release.xcconfig */;
			buildSettings = {
				ASSETCATALOG_COMPILER_APPICON_NAME = AppIcon;
				INFOPLIST_FILE = FinantialAdivisorCortana/Info.plist;
				LD_RUNPATH_SEARCH_PATHS = "$(inherited) @executable_path/Frameworks";
				PRODUCT_BUNDLE_IDENTIFIER = "ZUP-I.T.FinantialAdivisorCortana";
				PRODUCT_NAME = "$(TARGET_NAME)";
				SWIFT_VERSION = 3.0;
			};
			name = Release;
		};
		105A3A312045DA4800899C0A /* Debug */ = {
			isa = XCBuildConfiguration;
			buildSettings = {
				ALWAYS_EMBED_SWIFT_STANDARD_LIBRARIES = YES;
				BUNDLE_LOADER = "$(TEST_HOST)";
				INFOPLIST_FILE = FinantialAdivisorCortanaTests/Info.plist;
				LD_RUNPATH_SEARCH_PATHS = "$(inherited) @executable_path/Frameworks @loader_path/Frameworks";
				PRODUCT_BUNDLE_IDENTIFIER = "ZUP-I.T.FinantialAdivisorCortanaTests";
				PRODUCT_NAME = "$(TARGET_NAME)";
				SWIFT_VERSION = 3.0;
				TEST_HOST = "$(BUILT_PRODUCTS_DIR)/FinantialAdivisorCortana.app/FinantialAdivisorCortana";
			};
			name = Debug;
		};
		105A3A322045DA4800899C0A /* Release */ = {
			isa = XCBuildConfiguration;
			buildSettings = {
				ALWAYS_EMBED_SWIFT_STANDARD_LIBRARIES = YES;
				BUNDLE_LOADER = "$(TEST_HOST)";
				INFOPLIST_FILE = FinantialAdivisorCortanaTests/Info.plist;
				LD_RUNPATH_SEARCH_PATHS = "$(inherited) @executable_path/Frameworks @loader_path/Frameworks";
				PRODUCT_BUNDLE_IDENTIFIER = "ZUP-I.T.FinantialAdivisorCortanaTests";
				PRODUCT_NAME = "$(TARGET_NAME)";
				SWIFT_VERSION = 3.0;
				TEST_HOST = "$(BUILT_PRODUCTS_DIR)/FinantialAdivisorCortana.app/FinantialAdivisorCortana";
			};
			name = Release;
		};
		105A3A342045DA4800899C0A /* Debug */ = {
			isa = XCBuildConfiguration;
			buildSettings = {
				ALWAYS_EMBED_SWIFT_STANDARD_LIBRARIES = YES;
				INFOPLIST_FILE = FinantialAdivisorCortanaUITests/Info.plist;
				LD_RUNPATH_SEARCH_PATHS = "$(inherited) @executable_path/Frameworks @loader_path/Frameworks";
				PRODUCT_BUNDLE_IDENTIFIER = "ZUP-I.T.FinantialAdivisorCortanaUITests";
				PRODUCT_NAME = "$(TARGET_NAME)";
				SWIFT_VERSION = 3.0;
				TEST_TARGET_NAME = FinantialAdivisorCortana;
			};
			name = Debug;
		};
		105A3A352045DA4800899C0A /* Release */ = {
			isa = XCBuildConfiguration;
			buildSettings = {
				ALWAYS_EMBED_SWIFT_STANDARD_LIBRARIES = YES;
				INFOPLIST_FILE = FinantialAdivisorCortanaUITests/Info.plist;
				LD_RUNPATH_SEARCH_PATHS = "$(inherited) @executable_path/Frameworks @loader_path/Frameworks";
				PRODUCT_BUNDLE_IDENTIFIER = "ZUP-I.T.FinantialAdivisorCortanaUITests";
				PRODUCT_NAME = "$(TARGET_NAME)";
				SWIFT_VERSION = 3.0;
				TEST_TARGET_NAME = FinantialAdivisorCortana;
			};
			name = Release;
		};
/* End XCBuildConfiguration section */

/* Begin XCConfigurationList section */
		105A3A002045DA4700899C0A /* Build configuration list for PBXProject "FinantialAdivisorCortana" */ = {
			isa = XCConfigurationList;
			buildConfigurations = (
				105A3A2B2045DA4800899C0A /* Debug */,
				105A3A2C2045DA4800899C0A /* Release */,
			);
			defaultConfigurationIsVisible = 0;
			defaultConfigurationName = Release;
		};
		105A3A2D2045DA4800899C0A /* Build configuration list for PBXNativeTarget "FinantialAdivisorCortana" */ = {
			isa = XCConfigurationList;
			buildConfigurations = (
				105A3A2E2045DA4800899C0A /* Debug */,
				105A3A2F2045DA4800899C0A /* Release */,
			);
			defaultConfigurationIsVisible = 0;
			defaultConfigurationName = Release;
		};
		105A3A302045DA4800899C0A /* Build configuration list for PBXNativeTarget "FinantialAdivisorCortanaTests" */ = {
			isa = XCConfigurationList;
			buildConfigurations = (
				105A3A312045DA4800899C0A /* Debug */,
				105A3A322045DA4800899C0A /* Release */,
			);
			defaultConfigurationIsVisible = 0;
			defaultConfigurationName = Release;
		};
		105A3A332045DA4800899C0A /* Build configuration list for PBXNativeTarget "FinantialAdivisorCortanaUITests" */ = {
			isa = XCConfigurationList;
			buildConfigurations = (
				105A3A342045DA4800899C0A /* Debug */,
				105A3A352045DA4800899C0A /* Release */,
			);
			defaultConfigurationIsVisible = 0;
			defaultConfigurationName = Release;
		};
/* End XCConfigurationList section */
	};
	rootObject = 105A39FD2045DA4700899C0A /* Project object */;
}
